
Microsoft Visual Studio Solution File, Format Version 12.00
# Visual Studio Version 16
VisualStudioVersion = 16.0.31105.61
MinimumVisualStudioVersion = 10.0.40219.1
Project("{FAE04EC0-301F-11D3-BF4B-00C04F79EFBC}") = "SE141077_NguyenPhamThanhLong", "SE141077_NguyenPhamThanhLong\SE141077_NguyenPhamThanhLong.csproj", "{A7ECC7DC-7FB7-4AD4-AEF3-355AF08C0F43}"
EndProject
Project("{FAE04EC0-301F-11D3-BF4B-00C04F79EFBC}") = "AlbumAssemblies", "AlbumAssemblies\AlbumAssemblies.csproj", "{849E9E8E-7D42-45A2-A90E-6C53874A2BB0}"
EndProject
Global
	GlobalSection(SolutionConfigurationPlatforms) = preSolution
		Debug|Any CPU = Debug|Any CPU
		Release|Any CPU = Release|Any CPU
	EndGlobalSection
	GlobalSection(ProjectConfigurationPlatforms) = postSolution
		{A7ECC7DC-7FB7-4AD4-AEF3-355AF08C0F43}.Debug|Any CPU.ActiveCfg = Debug|Any CPU
		{A7ECC7DC-7FB7-4AD4-AEF3-355AF08C0F43}.Debug|Any CPU.Build.0 = Debug|Any CPU
		{A7ECC7DC-7FB7-4AD4-AEF3-355AF08C0F43}.Release|Any CPU.ActiveCfg = Release|Any CPU
		{A7ECC7DC-7FB7-4AD4-AEF3-355AF08C0F43}.Release|Any CPU.Build.0 = Release|Any CPU
		{849E9E8E-7D42-45A2-A90E-6C53874A2BB0}.Debug|Any CPU.ActiveCfg = Debug|Any CPU
		{849E9E8E-7D42-45A2-A90E-6C53874A2BB0}.Debug|Any CPU.Build.0 = Debug|Any CPU
		{849E9E8E-7D42-45A2-A90E-6C53874A2BB0}.Release|Any CPU.ActiveCfg = Release|Any CPU
		{849E9E8E-7D42-45A2-A90E-6C53874A2BB0}.Release|Any CPU.Build.0 = Release|Any CPU
	EndGlobalSection
	GlobalSection(SolutionProperties) = preSolution
		HideSolutionNode = FALSE
	EndGlobalSection
	GlobalSection(ExtensibilityGlobals) = postSolution
		SolutionGuid = {4D56F06D-F13A-4DEE-8926-87FA75643143}
	EndGlobalSection
EndGlobal
